
Microsoft Visual Studio Solution File, Format Version 12.00
# Visual Studio Version 16
VisualStudioVersion = 16.0.32929.386
MinimumVisualStudioVersion = 10.0.40219.1
Project("{FAE04EC0-301F-11D3-BF4B-00C04F79EFBC}") = "PRSolution", "PRSolution\PRSolution.csproj", "{50742F0B-4481-48F4-B00E-690FD1C57DC2}"
EndProject
Global
	GlobalSection(SolutionConfigurationPlatforms) = preSolution
		Debug|Any CPU = Debug|Any CPU
		Release|Any CPU = Release|Any CPU
	EndGlobalSection
	GlobalSection(ProjectConfigurationPlatforms) = postSolution
		{50742F0B-4481-48F4-B00E-690FD1C57DC2}.Debug|Any CPU.ActiveCfg = Debug|Any CPU
		{50742F0B-4481-48F4-B00E-690FD1C57DC2}.Debug|Any CPU.Build.0 = Debug|Any CPU
		{50742F0B-4481-48F4-B00E-690FD1C57DC2}.Release|Any CPU.ActiveCfg = Release|Any CPU
		{50742F0B-4481-48F4-B00E-690FD1C57DC2}.Release|Any CPU.Build.0 = Release|Any CPU
	EndGlobalSection
	GlobalSection(SolutionProperties) = preSolution
		HideSolutionNode = FALSE
	EndGlobalSection
	GlobalSection(ExtensibilityGlobals) = postSolution
		SolutionGuid = {97DC811F-F4C5-4D8C-98BE-1F43AEEE13B4}
	EndGlobalSection
EndGlobal
